// !$*UTF8*$!
{
	archiveVersion = 1;
	classes = {
	};
	objectVersion = 56;
	objects = {

/* Begin PBXBuildFile section */
		031D11122C577D8C00FEE555 /* SupabaseManager.swift in Sources */ = {isa = PBXBuildFile; fileRef = 031D11112C577D8C00FEE555 /* SupabaseManager.swift */; };
		031D11132C577D8C00FEE555 /* SupabaseManager.swift in Sources */ = {isa = PBXBuildFile; fileRef = 031D11112C577D8C00FEE555 /* SupabaseManager.swift */; };
		0349E9632C58179E006D4435 /* Link.swift in Sources */ = {isa = PBXBuildFile; fileRef = 0349E9622C58179E006D4435 /* Link.swift */; };
		0349E9642C58179E006D4435 /* Link.swift in Sources */ = {isa = PBXBuildFile; fileRef = 0349E9622C58179E006D4435 /* Link.swift */; };
		0349E9662C5817C6006D4435 /* FolderDetailView.swift in Sources */ = {isa = PBXBuildFile; fileRef = 0349E9652C5817C6006D4435 /* FolderDetailView.swift */; };
		0349E9672C5817C6006D4435 /* FolderDetailView.swift in Sources */ = {isa = PBXBuildFile; fileRef = 0349E9652C5817C6006D4435 /* FolderDetailView.swift */; };
		036B3EE42C57CEF100207C3A /* Auth in Frameworks */ = {isa = PBXBuildFile; productRef = 036B3EE32C57CEF100207C3A /* Auth */; };
		036B3EE62C57CEF100207C3A /* Functions in Frameworks */ = {isa = PBXBuildFile; productRef = 036B3EE52C57CEF100207C3A /* Functions */; };
		036B3EE82C57CEF100207C3A /* PostgREST in Frameworks */ = {isa = PBXBuildFile; productRef = 036B3EE72C57CEF100207C3A /* PostgREST */; };
		036B3EEA2C57CEF100207C3A /* Realtime in Frameworks */ = {isa = PBXBuildFile; productRef = 036B3EE92C57CEF100207C3A /* Realtime */; };
		036B3EEC2C57CEF100207C3A /* Storage in Frameworks */ = {isa = PBXBuildFile; productRef = 036B3EEB2C57CEF100207C3A /* Storage */; };
		038437C32C57D62C002F386F /* Auth in Frameworks */ = {isa = PBXBuildFile; productRef = 038437C22C57D62C002F386F /* Auth */; };
		038437C52C57D62C002F386F /* Functions in Frameworks */ = {isa = PBXBuildFile; productRef = 038437C42C57D62C002F386F /* Functions */; };
		038437C72C57D62C002F386F /* PostgREST in Frameworks */ = {isa = PBXBuildFile; productRef = 038437C62C57D62C002F386F /* PostgREST */; };
		038437C92C57D62C002F386F /* Realtime in Frameworks */ = {isa = PBXBuildFile; productRef = 038437C82C57D62C002F386F /* Realtime */; };
		038437CB2C57D62C002F386F /* Storage in Frameworks */ = {isa = PBXBuildFile; productRef = 038437CA2C57D62C002F386F /* Storage */; };
		038437CE2C57D66B002F386F /* Supabase in Frameworks */ = {isa = PBXBuildFile; productRef = 038437CD2C57D66B002F386F /* Supabase */; };
		038437D02C57D674002F386F /* Supabase in Frameworks */ = {isa = PBXBuildFile; productRef = 038437CF2C57D674002F386F /* Supabase */; };
		038437ED2C5810E8002F386F /* Folder.swift in Sources */ = {isa = PBXBuildFile; fileRef = 038437EC2C5810E8002F386F /* Folder.swift */; };
		038437EE2C5810E8002F386F /* Folder.swift in Sources */ = {isa = PBXBuildFile; fileRef = 038437EC2C5810E8002F386F /* Folder.swift */; };
		03D2F6D02C4E484100439FE7 /* CollectionsHubApp.swift in Sources */ = {isa = PBXBuildFile; fileRef = 03D2F6CF2C4E484100439FE7 /* CollectionsHubApp.swift */; };
		03D2F6D22C4E484100439FE7 /* ContentView.swift in Sources */ = {isa = PBXBuildFile; fileRef = 03D2F6D12C4E484100439FE7 /* ContentView.swift */; };
		03D2F6D42C4E484300439FE7 /* Assets.xcassets in Resources */ = {isa = PBXBuildFile; fileRef = 03D2F6D32C4E484300439FE7 /* Assets.xcassets */; };
		03D2F6D72C4E484300439FE7 /* Preview Assets.xcassets in Resources */ = {isa = PBXBuildFile; fileRef = 03D2F6D62C4E484300439FE7 /* Preview Assets.xcassets */; };
		03D2F6E12C4E484300439FE7 /* CollectionsHubTests.swift in Sources */ = {isa = PBXBuildFile; fileRef = 03D2F6E02C4E484300439FE7 /* CollectionsHubTests.swift */; };
		03D2F6EB2C4E484300439FE7 /* CollectionsHubUITests.swift in Sources */ = {isa = PBXBuildFile; fileRef = 03D2F6EA2C4E484300439FE7 /* CollectionsHubUITests.swift */; };
		03D2F6ED2C4E484300439FE7 /* CollectionsHubUITestsLaunchTests.swift in Sources */ = {isa = PBXBuildFile; fileRef = 03D2F6EC2C4E484300439FE7 /* CollectionsHubUITestsLaunchTests.swift */; };
		03D2F7002C4E497400439FE7 /* ShareViewController.swift in Sources */ = {isa = PBXBuildFile; fileRef = 03D2F6FF2C4E497400439FE7 /* ShareViewController.swift */; };
		03D2F7032C4E497400439FE7 /* Base in Resources */ = {isa = PBXBuildFile; fileRef = 03D2F7022C4E497400439FE7 /* Base */; };
		03D2F7072C4E497400439FE7 /* Share.appex in Embed Foundation Extensions */ = {isa = PBXBuildFile; fileRef = 03D2F6FD2C4E497400439FE7 /* Share.appex */; settings = {ATTRIBUTES = (RemoveHeadersOnCopy, ); }; };
/* End PBXBuildFile section */

/* Begin PBXContainerItemProxy section */
		03D2F6DD2C4E484300439FE7 /* PBXContainerItemProxy */ = {
			isa = PBXContainerItemProxy;
			containerPortal = 03D2F6C42C4E484100439FE7 /* Project object */;
			proxyType = 1;
			remoteGlobalIDString = 03D2F6CB2C4E484100439FE7;
			remoteInfo = CollectionsHub;
		};
		03D2F6E72C4E484300439FE7 /* PBXContainerItemProxy */ = {
			isa = PBXContainerItemProxy;
			containerPortal = 03D2F6C42C4E484100439FE7 /* Project object */;
			proxyType = 1;
			remoteGlobalIDString = 03D2F6CB2C4E484100439FE7;
			remoteInfo = CollectionsHub;
		};
		03D2F7052C4E497400439FE7 /* PBXContainerItemProxy */ = {
			isa = PBXContainerItemProxy;
			containerPortal = 03D2F6C42C4E484100439FE7 /* Project object */;
			proxyType = 1;
			remoteGlobalIDString = 03D2F6FC2C4E497400439FE7;
			remoteInfo = Share;
		};
/* End PBXContainerItemProxy section */

/* Begin PBXCopyFilesBuildPhase section */
		03D2F70B2C4E497400439FE7 /* Embed Foundation Extensions */ = {
			isa = PBXCopyFilesBuildPhase;
			buildActionMask = 2147483647;
			dstPath = "";
			dstSubfolderSpec = 13;
			files = (
				03D2F7072C4E497400439FE7 /* Share.appex in Embed Foundation Extensions */,
			);
			name = "Embed Foundation Extensions";
			runOnlyForDeploymentPostprocessing = 0;
		};
/* End PBXCopyFilesBuildPhase section */

/* Begin PBXFileReference section */
		031D11112C577D8C00FEE555 /* SupabaseManager.swift */ = {isa = PBXFileReference; lastKnownFileType = sourcecode.swift; name = SupabaseManager.swift; path = Share/SupabaseManager.swift; sourceTree = SOURCE_ROOT; };
		0349E9622C58179E006D4435 /* Link.swift */ = {isa = PBXFileReference; lastKnownFileType = sourcecode.swift; path = Link.swift; sourceTree = "<group>"; };
		0349E9652C5817C6006D4435 /* FolderDetailView.swift */ = {isa = PBXFileReference; lastKnownFileType = sourcecode.swift; path = FolderDetailView.swift; sourceTree = "<group>"; };
		038437EC2C5810E8002F386F /* Folder.swift */ = {isa = PBXFileReference; lastKnownFileType = sourcecode.swift; path = Folder.swift; sourceTree = "<group>"; };
		0385167D2C56392C00A90EA7 /* CollectionsHub.entitlements */ = {isa = PBXFileReference; lastKnownFileType = text.plist.entitlements; path = CollectionsHub.entitlements; sourceTree = "<group>"; };
		0385167E2C56395800A90EA7 /* Share.entitlements */ = {isa = PBXFileReference; lastKnownFileType = text.plist.entitlements; path = Share.entitlements; sourceTree = "<group>"; };
		03D2F6CC2C4E484100439FE7 /* CollectionsHub.app */ = {isa = PBXFileReference; explicitFileType = wrapper.application; includeInIndex = 0; path = CollectionsHub.app; sourceTree = BUILT_PRODUCTS_DIR; };
		03D2F6CF2C4E484100439FE7 /* CollectionsHubApp.swift */ = {isa = PBXFileReference; lastKnownFileType = sourcecode.swift; path = CollectionsHubApp.swift; sourceTree = "<group>"; };
		03D2F6D12C4E484100439FE7 /* ContentView.swift */ = {isa = PBXFileReference; lastKnownFileType = sourcecode.swift; path = ContentView.swift; sourceTree = "<group>"; };
		03D2F6D32C4E484300439FE7 /* Assets.xcassets */ = {isa = PBXFileReference; lastKnownFileType = folder.assetcatalog; path = Assets.xcassets; sourceTree = "<group>"; };
		03D2F6D62C4E484300439FE7 /* Preview Assets.xcassets */ = {isa = PBXFileReference; lastKnownFileType = folder.assetcatalog; path = "Preview Assets.xcassets"; sourceTree = "<group>"; };
		03D2F6DC2C4E484300439FE7 /* CollectionsHubTests.xctest */ = {isa = PBXFileReference; explicitFileType = wrapper.cfbundle; includeInIndex = 0; path = CollectionsHubTests.xctest; sourceTree = BUILT_PRODUCTS_DIR; };
		03D2F6E02C4E484300439FE7 /* CollectionsHubTests.swift */ = {isa = PBXFileReference; lastKnownFileType = sourcecode.swift; path = CollectionsHubTests.swift; sourceTree = "<group>"; };
		03D2F6E62C4E484300439FE7 /* CollectionsHubUITests.xctest */ = {isa = PBXFileReference; explicitFileType = wrapper.cfbundle; includeInIndex = 0; path = CollectionsHubUITests.xctest; sourceTree = BUILT_PRODUCTS_DIR; };
		03D2F6EA2C4E484300439FE7 /* CollectionsHubUITests.swift */ = {isa = PBXFileReference; lastKnownFileType = sourcecode.swift; path = CollectionsHubUITests.swift; sourceTree = "<group>"; };
		03D2F6EC2C4E484300439FE7 /* CollectionsHubUITestsLaunchTests.swift */ = {isa = PBXFileReference; lastKnownFileType = sourcecode.swift; path = CollectionsHubUITestsLaunchTests.swift; sourceTree = "<group>"; };
		03D2F6FD2C4E497400439FE7 /* Share.appex */ = {isa = PBXFileReference; explicitFileType = "wrapper.app-extension"; includeInIndex = 0; path = Share.appex; sourceTree = BUILT_PRODUCTS_DIR; };
		03D2F6FF2C4E497400439FE7 /* ShareViewController.swift */ = {isa = PBXFileReference; lastKnownFileType = sourcecode.swift; path = ShareViewController.swift; sourceTree = "<group>"; };
		03D2F7022C4E497400439FE7 /* Base */ = {isa = PBXFileReference; lastKnownFileType = file.storyboard; name = Base; path = Base.lproj/MainInterface.storyboard; sourceTree = "<group>"; };
		03D2F7042C4E497400439FE7 /* Info.plist */ = {isa = PBXFileReference; lastKnownFileType = text.plist.xml; path = Info.plist; sourceTree = "<group>"; };
/* End PBXFileReference section */

/* Begin PBXFrameworksBuildPhase section */
		03D2F6C92C4E484100439FE7 /* Frameworks */ = {
			isa = PBXFrameworksBuildPhase;
			buildActionMask = 2147483647;
			files = (
				038437D02C57D674002F386F /* Supabase in Frameworks */,
				038437C92C57D62C002F386F /* Realtime in Frameworks */,
				036B3EE82C57CEF100207C3A /* PostgREST in Frameworks */,
				036B3EE62C57CEF100207C3A /* Functions in Frameworks */,
				038437C32C57D62C002F386F /* Auth in Frameworks */,
				036B3EE42C57CEF100207C3A /* Auth in Frameworks */,
				038437C72C57D62C002F386F /* PostgREST in Frameworks */,
				038437C52C57D62C002F386F /* Functions in Frameworks */,
				036B3EEC2C57CEF100207C3A /* Storage in Frameworks */,
				038437CB2C57D62C002F386F /* Storage in Frameworks */,
				036B3EEA2C57CEF100207C3A /* Realtime in Frameworks */,
			);
			runOnlyForDeploymentPostprocessing = 0;
		};
		03D2F6D92C4E484300439FE7 /* Frameworks */ = {
			isa = PBXFrameworksBuildPhase;
			buildActionMask = 2147483647;
			files = (
			);
			runOnlyForDeploymentPostprocessing = 0;
		};
		03D2F6E32C4E484300439FE7 /* Frameworks */ = {
			isa = PBXFrameworksBuildPhase;
			buildActionMask = 2147483647;
			files = (
			);
			runOnlyForDeploymentPostprocessing = 0;
		};
		03D2F6FA2C4E497400439FE7 /* Frameworks */ = {
			isa = PBXFrameworksBuildPhase;
			buildActionMask = 2147483647;
			files = (
				038437CE2C57D66B002F386F /* Supabase in Frameworks */,
			);
			runOnlyForDeploymentPostprocessing = 0;
		};
/* End PBXFrameworksBuildPhase section */

/* Begin PBXGroup section */
		031D110F2C577D4B00FEE555 /* Managers */ = {
			isa = PBXGroup;
			children = (
				031D11112C577D8C00FEE555 /* SupabaseManager.swift */,
			);
			path = Managers;
			sourceTree = "<group>";
		};
		031D11102C577D5C00FEE555 /* Views */ = {
			isa = PBXGroup;
			children = (
				0349E9652C5817C6006D4435 /* FolderDetailView.swift */,
			);
			path = Views;
			sourceTree = "<group>";
		};
		038437CC2C57D66B002F386F /* Frameworks */ = {
			isa = PBXGroup;
			children = (
			);
			name = Frameworks;
			sourceTree = "<group>";
		};
		0385167F2C56397400A90EA7 /* Model */ = {
			isa = PBXGroup;
			children = (
				038437EC2C5810E8002F386F /* Folder.swift */,
				0349E9622C58179E006D4435 /* Link.swift */,
			);
			path = Model;
			sourceTree = "<group>";
		};
		03D2F6C32C4E484100439FE7 = {
			isa = PBXGroup;
			children = (
				03D2F6CE2C4E484100439FE7 /* CollectionsHub */,
				03D2F6DF2C4E484300439FE7 /* CollectionsHubTests */,
				03D2F6E92C4E484300439FE7 /* CollectionsHubUITests */,
				03D2F6FE2C4E497400439FE7 /* Share */,
				03D2F6CD2C4E484100439FE7 /* Products */,
				038437CC2C57D66B002F386F /* Frameworks */,
			);
			sourceTree = "<group>";
		};
		03D2F6CD2C4E484100439FE7 /* Products */ = {
			isa = PBXGroup;
			children = (
				03D2F6CC2C4E484100439FE7 /* CollectionsHub.app */,
				03D2F6DC2C4E484300439FE7 /* CollectionsHubTests.xctest */,
				03D2F6E62C4E484300439FE7 /* CollectionsHubUITests.xctest */,
				03D2F6FD2C4E497400439FE7 /* Share.appex */,
			);
			name = Products;
			sourceTree = "<group>";
		};
		03D2F6CE2C4E484100439FE7 /* CollectionsHub */ = {
			isa = PBXGroup;
			children = (
				031D11102C577D5C00FEE555 /* Views */,
				031D110F2C577D4B00FEE555 /* Managers */,
				0385167F2C56397400A90EA7 /* Model */,
				0385167D2C56392C00A90EA7 /* CollectionsHub.entitlements */,
				03D2F6CF2C4E484100439FE7 /* CollectionsHubApp.swift */,
				03D2F6D12C4E484100439FE7 /* ContentView.swift */,
				03D2F6D32C4E484300439FE7 /* Assets.xcassets */,
				03D2F6D52C4E484300439FE7 /* Preview Content */,
			);
			path = CollectionsHub;
			sourceTree = "<group>";
		};
		03D2F6D52C4E484300439FE7 /* Preview Content */ = {
			isa = PBXGroup;
			children = (
				03D2F6D62C4E484300439FE7 /* Preview Assets.xcassets */,
			);
			path = "Preview Content";
			sourceTree = "<group>";
		};
		03D2F6DF2C4E484300439FE7 /* CollectionsHubTests */ = {
			isa = PBXGroup;
			children = (
				03D2F6E02C4E484300439FE7 /* CollectionsHubTests.swift */,
			);
			path = CollectionsHubTests;
			sourceTree = "<group>";
		};
		03D2F6E92C4E484300439FE7 /* CollectionsHubUITests */ = {
			isa = PBXGroup;
			children = (
				03D2F6EA2C4E484300439FE7 /* CollectionsHubUITests.swift */,
				03D2F6EC2C4E484300439FE7 /* CollectionsHubUITestsLaunchTests.swift */,
			);
			path = CollectionsHubUITests;
			sourceTree = "<group>";
		};
		03D2F6FE2C4E497400439FE7 /* Share */ = {
			isa = PBXGroup;
			children = (
				0385167E2C56395800A90EA7 /* Share.entitlements */,
				03D2F6FF2C4E497400439FE7 /* ShareViewController.swift */,
				03D2F7012C4E497400439FE7 /* MainInterface.storyboard */,
				03D2F7042C4E497400439FE7 /* Info.plist */,
			);
			path = Share;
			sourceTree = "<group>";
		};
/* End PBXGroup section */

/* Begin PBXNativeTarget section */
		03D2F6CB2C4E484100439FE7 /* CollectionsHub */ = {
			isa = PBXNativeTarget;
			buildConfigurationList = 03D2F6F02C4E484300439FE7 /* Build configuration list for PBXNativeTarget "CollectionsHub" */;
			buildPhases = (
				03D2F6C82C4E484100439FE7 /* Sources */,
				03D2F6C92C4E484100439FE7 /* Frameworks */,
				03D2F6CA2C4E484100439FE7 /* Resources */,
				03D2F70B2C4E497400439FE7 /* Embed Foundation Extensions */,
			);
			buildRules = (
			);
			dependencies = (
				03D2F7062C4E497400439FE7 /* PBXTargetDependency */,
			);
			name = CollectionsHub;
			packageProductDependencies = (
				036B3EE32C57CEF100207C3A /* Auth */,
				036B3EE52C57CEF100207C3A /* Functions */,
				036B3EE72C57CEF100207C3A /* PostgREST */,
				036B3EE92C57CEF100207C3A /* Realtime */,
				036B3EEB2C57CEF100207C3A /* Storage */,
				038437C22C57D62C002F386F /* Auth */,
				038437C42C57D62C002F386F /* Functions */,
				038437C62C57D62C002F386F /* PostgREST */,
				038437C82C57D62C002F386F /* Realtime */,
				038437CA2C57D62C002F386F /* Storage */,
				038437CF2C57D674002F386F /* Supabase */,
			);
			productName = CollectionsHub;
			productReference = 03D2F6CC2C4E484100439FE7 /* CollectionsHub.app */;
			productType = "com.apple.product-type.application";
		};
		03D2F6DB2C4E484300439FE7 /* CollectionsHubTests */ = {
			isa = PBXNativeTarget;
			buildConfigurationList = 03D2F6F32C4E484300439FE7 /* Build configuration list for PBXNativeTarget "CollectionsHubTests" */;
			buildPhases = (
				03D2F6D82C4E484300439FE7 /* Sources */,
				03D2F6D92C4E484300439FE7 /* Frameworks */,
				03D2F6DA2C4E484300439FE7 /* Resources */,
			);
			buildRules = (
			);
			dependencies = (
				03D2F6DE2C4E484300439FE7 /* PBXTargetDependency */,
			);
			name = CollectionsHubTests;
			productName = CollectionsHubTests;
			productReference = 03D2F6DC2C4E484300439FE7 /* CollectionsHubTests.xctest */;
			productType = "com.apple.product-type.bundle.unit-test";
		};
		03D2F6E52C4E484300439FE7 /* CollectionsHubUITests */ = {
			isa = PBXNativeTarget;
			buildConfigurationList = 03D2F6F62C4E484300439FE7 /* Build configuration list for PBXNativeTarget "CollectionsHubUITests" */;
			buildPhases = (
				03D2F6E22C4E484300439FE7 /* Sources */,
				03D2F6E32C4E484300439FE7 /* Frameworks */,
				03D2F6E42C4E484300439FE7 /* Resources */,
			);
			buildRules = (
			);
			dependencies = (
				03D2F6E82C4E484300439FE7 /* PBXTargetDependency */,
			);
			name = CollectionsHubUITests;
			productName = CollectionsHubUITests;
			productReference = 03D2F6E62C4E484300439FE7 /* CollectionsHubUITests.xctest */;
			productType = "com.apple.product-type.bundle.ui-testing";
		};
		03D2F6FC2C4E497400439FE7 /* Share */ = {
			isa = PBXNativeTarget;
			buildConfigurationList = 03D2F7082C4E497400439FE7 /* Build configuration list for PBXNativeTarget "Share" */;
			buildPhases = (
				03D2F6F92C4E497400439FE7 /* Sources */,
				03D2F6FA2C4E497400439FE7 /* Frameworks */,
				03D2F6FB2C4E497400439FE7 /* Resources */,
			);
			buildRules = (
			);
			dependencies = (
			);
			name = Share;
			packageProductDependencies = (
				038437CD2C57D66B002F386F /* Supabase */,
			);
			productName = Share;
			productReference = 03D2F6FD2C4E497400439FE7 /* Share.appex */;
			productType = "com.apple.product-type.app-extension";
		};
/* End PBXNativeTarget section */

/* Begin PBXProject section */
		03D2F6C42C4E484100439FE7 /* Project object */ = {
			isa = PBXProject;
			attributes = {
				BuildIndependentTargetsInParallel = 1;
				LastSwiftUpdateCheck = 1540;
				LastUpgradeCheck = 1540;
				TargetAttributes = {
					03D2F6CB2C4E484100439FE7 = {
						CreatedOnToolsVersion = 15.4;
					};
					03D2F6DB2C4E484300439FE7 = {
						CreatedOnToolsVersion = 15.4;
						TestTargetID = 03D2F6CB2C4E484100439FE7;
					};
					03D2F6E52C4E484300439FE7 = {
						CreatedOnToolsVersion = 15.4;
						TestTargetID = 03D2F6CB2C4E484100439FE7;
					};
					03D2F6FC2C4E497400439FE7 = {
						CreatedOnToolsVersion = 15.4;
					};
				};
			};
			buildConfigurationList = 03D2F6C72C4E484100439FE7 /* Build configuration list for PBXProject "CollectionsHub" */;
			compatibilityVersion = "Xcode 14.0";
			developmentRegion = en;
			hasScannedForEncodings = 0;
			knownRegions = (
				en,
				Base,
			);
			mainGroup = 03D2F6C32C4E484100439FE7;
			packageReferences = (
				038437C12C57D62B002F386F /* XCRemoteSwiftPackageReference "supabase-swift" */,
			);
			productRefGroup = 03D2F6CD2C4E484100439FE7 /* Products */;
			projectDirPath = "";
			projectRoot = "";
			targets = (
				03D2F6CB2C4E484100439FE7 /* CollectionsHub */,
				03D2F6DB2C4E484300439FE7 /* CollectionsHubTests */,
				03D2F6E52C4E484300439FE7 /* CollectionsHubUITests */,
				03D2F6FC2C4E497400439FE7 /* Share */,
			);
		};
/* End PBXProject section */

/* Begin PBXResourcesBuildPhase section */
		03D2F6CA2C4E484100439FE7 /* Resources */ = {
			isa = PBXResourcesBuildPhase;
			buildActionMask = 2147483647;
			files = (
				03D2F6D72C4E484300439FE7 /* Preview Assets.xcassets in Resources */,
				03D2F6D42C4E484300439FE7 /* Assets.xcassets in Resources */,
			);
			runOnlyForDeploymentPostprocessing = 0;
		};
		03D2F6DA2C4E484300439FE7 /* Resources */ = {
			isa = PBXResourcesBuildPhase;
			buildActionMask = 2147483647;
			files = (
			);
			runOnlyForDeploymentPostprocessing = 0;
		};
		03D2F6E42C4E484300439FE7 /* Resources */ = {
			isa = PBXResourcesBuildPhase;
			buildActionMask = 2147483647;
			files = (
			);
			runOnlyForDeploymentPostprocessing = 0;
		};
		03D2F6FB2C4E497400439FE7 /* Resources */ = {
			isa = PBXResourcesBuildPhase;
			buildActionMask = 2147483647;
			files = (
				03D2F7032C4E497400439FE7 /* Base in Resources */,
			);
			runOnlyForDeploymentPostprocessing = 0;
		};
/* End PBXResourcesBuildPhase section */

/* Begin PBXSourcesBuildPhase section */
		03D2F6C82C4E484100439FE7 /* Sources */ = {
			isa = PBXSourcesBuildPhase;
			buildActionMask = 2147483647;
			files = (
				03D2F6D22C4E484100439FE7 /* ContentView.swift in Sources */,
				0349E9662C5817C6006D4435 /* FolderDetailView.swift in Sources */,
				03D2F6D02C4E484100439FE7 /* CollectionsHubApp.swift in Sources */,
				031D11122C577D8C00FEE555 /* SupabaseManager.swift in Sources */,
				038437ED2C5810E8002F386F /* Folder.swift in Sources */,
				0349E9632C58179E006D4435 /* Link.swift in Sources */,
			);
			runOnlyForDeploymentPostprocessing = 0;
		};
		03D2F6D82C4E484300439FE7 /* Sources */ = {
			isa = PBXSourcesBuildPhase;
			buildActionMask = 2147483647;
			files = (
				03D2F6E12C4E484300439FE7 /* CollectionsHubTests.swift in Sources */,
			);
			runOnlyForDeploymentPostprocessing = 0;
		};
		03D2F6E22C4E484300439FE7 /* Sources */ = {
			isa = PBXSourcesBuildPhase;
			buildActionMask = 2147483647;
			files = (
				03D2F6ED2C4E484300439FE7 /* CollectionsHubUITestsLaunchTests.swift in Sources */,
				03D2F6EB2C4E484300439FE7 /* CollectionsHubUITests.swift in Sources */,
			);
			runOnlyForDeploymentPostprocessing = 0;
		};
		03D2F6F92C4E497400439FE7 /* Sources */ = {
			isa = PBXSourcesBuildPhase;
			buildActionMask = 2147483647;
			files = (
				031D11132C577D8C00FEE555 /* SupabaseManager.swift in Sources */,
				03D2F7002C4E497400439FE7 /* ShareViewController.swift in Sources */,
				0349E9672C5817C6006D4435 /* FolderDetailView.swift in Sources */,
				038437EE2C5810E8002F386F /* Folder.swift in Sources */,
				0349E9642C58179E006D4435 /* Link.swift in Sources */,
			);
			runOnlyForDeploymentPostprocessing = 0;
		};
/* End PBXSourcesBuildPhase section */

/* Begin PBXTargetDependency section */
		03D2F6DE2C4E484300439FE7 /* PBXTargetDependency */ = {
			isa = PBXTargetDependency;
			target = 03D2F6CB2C4E484100439FE7 /* CollectionsHub */;
			targetProxy = 03D2F6DD2C4E484300439FE7 /* PBXContainerItemProxy */;
		};
		03D2F6E82C4E484300439FE7 /* PBXTargetDependency */ = {
			isa = PBXTargetDependency;
			target = 03D2F6CB2C4E484100439FE7 /* CollectionsHub */;
			targetProxy = 03D2F6E72C4E484300439FE7 /* PBXContainerItemProxy */;
		};
		03D2F7062C4E497400439FE7 /* PBXTargetDependency */ = {
			isa = PBXTargetDependency;
			target = 03D2F6FC2C4E497400439FE7 /* Share */;
			targetProxy = 03D2F7052C4E497400439FE7 /* PBXContainerItemProxy */;
		};
/* End PBXTargetDependency section */

/* Begin PBXVariantGroup section */
		03D2F7012C4E497400439FE7 /* MainInterface.storyboard */ = {
			isa = PBXVariantGroup;
			children = (
				03D2F7022C4E497400439FE7 /* Base */,
			);
			name = MainInterface.storyboard;
			sourceTree = "<group>";
		};
/* End PBXVariantGroup section */

/* Begin XCBuildConfiguration section */
		03D2F6EE2C4E484300439FE7 /* Debug */ = {
			isa = XCBuildConfiguration;
			buildSettings = {
				ALWAYS_SEARCH_USER_PATHS = NO;
				ASSETCATALOG_COMPILER_GENERATE_SWIFT_ASSET_SYMBOL_EXTENSIONS = YES;
				CLANG_ANALYZER_NONNULL = YES;
				CLANG_ANALYZER_NUMBER_OBJECT_CONVERSION = YES_AGGRESSIVE;
				CLANG_CXX_LANGUAGE_STANDARD = "gnu++20";
				CLANG_ENABLE_MODULES = YES;
				CLANG_ENABLE_OBJC_ARC = YES;
				CLANG_ENABLE_OBJC_WEAK = YES;
				CLANG_WARN_BLOCK_CAPTURE_AUTORELEASING = YES;
				CLANG_WARN_BOOL_CONVERSION = YES;
				CLANG_WARN_COMMA = YES;
				CLANG_WARN_CONSTANT_CONVERSION = YES;
				CLANG_WARN_DEPRECATED_OBJC_IMPLEMENTATIONS = YES;
				CLANG_WARN_DIRECT_OBJC_ISA_USAGE = YES_ERROR;
				CLANG_WARN_DOCUMENTATION_COMMENTS = YES;
				CLANG_WARN_EMPTY_BODY = YES;
				CLANG_WARN_ENUM_CONVERSION = YES;
				CLANG_WARN_INFINITE_RECURSION = YES;
				CLANG_WARN_INT_CONVERSION = YES;
				CLANG_WARN_NON_LITERAL_NULL_CONVERSION = YES;
				CLANG_WARN_OBJC_IMPLICIT_RETAIN_SELF = YES;
				CLANG_WARN_OBJC_LITERAL_CONVERSION = YES;
				CLANG_WARN_OBJC_ROOT_CLASS = YES_ERROR;
				CLANG_WARN_QUOTED_INCLUDE_IN_FRAMEWORK_HEADER = YES;
				CLANG_WARN_RANGE_LOOP_ANALYSIS = YES;
				CLANG_WARN_STRICT_PROTOTYPES = YES;
				CLANG_WARN_SUSPICIOUS_MOVE = YES;
				CLANG_WARN_UNGUARDED_AVAILABILITY = YES_AGGRESSIVE;
				CLANG_WARN_UNREACHABLE_CODE = YES;
				CLANG_WARN__DUPLICATE_METHOD_MATCH = YES;
				COPY_PHASE_STRIP = NO;
				DEBUG_INFORMATION_FORMAT = dwarf;
				ENABLE_STRICT_OBJC_MSGSEND = YES;
				ENABLE_TESTABILITY = YES;
				ENABLE_USER_SCRIPT_SANDBOXING = YES;
				GCC_C_LANGUAGE_STANDARD = gnu17;
				GCC_DYNAMIC_NO_PIC = NO;
				GCC_NO_COMMON_BLOCKS = YES;
				GCC_OPTIMIZATION_LEVEL = 0;
				GCC_PREPROCESSOR_DEFINITIONS = (
					"DEBUG=1",
					"$(inherited)",
				);
				GCC_WARN_64_TO_32_BIT_CONVERSION = YES;
				GCC_WARN_ABOUT_RETURN_TYPE = YES_ERROR;
				GCC_WARN_UNDECLARED_SELECTOR = YES;
				GCC_WARN_UNINITIALIZED_AUTOS = YES_AGGRESSIVE;
				GCC_WARN_UNUSED_FUNCTION = YES;
				GCC_WARN_UNUSED_VARIABLE = YES;
				IPHONEOS_DEPLOYMENT_TARGET = 17.5;
				LOCALIZATION_PREFERS_STRING_CATALOGS = YES;
				MTL_ENABLE_DEBUG_INFO = INCLUDE_SOURCE;
				MTL_FAST_MATH = YES;
				ONLY_ACTIVE_ARCH = YES;
				SDKROOT = iphoneos;
				SWIFT_ACTIVE_COMPILATION_CONDITIONS = "DEBUG $(inherited)";
				SWIFT_OPTIMIZATION_LEVEL = "-Onone";
			};
			name = Debug;
		};
		03D2F6EF2C4E484300439FE7 /* Release */ = {
			isa = XCBuildConfiguration;
			buildSettings = {
				ALWAYS_SEARCH_USER_PATHS = NO;
				ASSETCATALOG_COMPILER_GENERATE_SWIFT_ASSET_SYMBOL_EXTENSIONS = YES;
				CLANG_ANALYZER_NONNULL = YES;
				CLANG_ANALYZER_NUMBER_OBJECT_CONVERSION = YES_AGGRESSIVE;
				CLANG_CXX_LANGUAGE_STANDARD = "gnu++20";
				CLANG_ENABLE_MODULES = YES;
				CLANG_ENABLE_OBJC_ARC = YES;
				CLANG_ENABLE_OBJC_WEAK = YES;
				CLANG_WARN_BLOCK_CAPTURE_AUTORELEASING = YES;
				CLANG_WARN_BOOL_CONVERSION = YES;
				CLANG_WARN_COMMA = YES;
				CLANG_WARN_CONSTANT_CONVERSION = YES;
				CLANG_WARN_DEPRECATED_OBJC_IMPLEMENTATIONS = YES;
				CLANG_WARN_DIRECT_OBJC_ISA_USAGE = YES_ERROR;
				CLANG_WARN_DOCUMENTATION_COMMENTS = YES;
				CLANG_WARN_EMPTY_BODY = YES;
				CLANG_WARN_ENUM_CONVERSION = YES;
				CLANG_WARN_INFINITE_RECURSION = YES;
				CLANG_WARN_INT_CONVERSION = YES;
				CLANG_WARN_NON_LITERAL_NULL_CONVERSION = YES;
				CLANG_WARN_OBJC_IMPLICIT_RETAIN_SELF = YES;
				CLANG_WARN_OBJC_LITERAL_CONVERSION = YES;
				CLANG_WARN_OBJC_ROOT_CLASS = YES_ERROR;
				CLANG_WARN_QUOTED_INCLUDE_IN_FRAMEWORK_HEADER = YES;
				CLANG_WARN_RANGE_LOOP_ANALYSIS = YES;
				CLANG_WARN_STRICT_PROTOTYPES = YES;
				CLANG_WARN_SUSPICIOUS_MOVE = YES;
				CLANG_WARN_UNGUARDED_AVAILABILITY = YES_AGGRESSIVE;
				CLANG_WARN_UNREACHABLE_CODE = YES;
				CLANG_WARN__DUPLICATE_METHOD_MATCH = YES;
				COPY_PHASE_STRIP = NO;
				DEBUG_INFORMATION_FORMAT = "dwarf-with-dsym";
				ENABLE_NS_ASSERTIONS = NO;
				ENABLE_STRICT_OBJC_MSGSEND = YES;
				ENABLE_USER_SCRIPT_SANDBOXING = YES;
				GCC_C_LANGUAGE_STANDARD = gnu17;
				GCC_NO_COMMON_BLOCKS = YES;
				GCC_WARN_64_TO_32_BIT_CONVERSION = YES;
				GCC_WARN_ABOUT_RETURN_TYPE = YES_ERROR;
				GCC_WARN_UNDECLARED_SELECTOR = YES;
				GCC_WARN_UNINITIALIZED_AUTOS = YES_AGGRESSIVE;
				GCC_WARN_UNUSED_FUNCTION = YES;
				GCC_WARN_UNUSED_VARIABLE = YES;
				IPHONEOS_DEPLOYMENT_TARGET = 17.5;
				LOCALIZATION_PREFERS_STRING_CATALOGS = YES;
				MTL_ENABLE_DEBUG_INFO = NO;
				MTL_FAST_MATH = YES;
				SDKROOT = iphoneos;
				SWIFT_COMPILATION_MODE = wholemodule;
				VALIDATE_PRODUCT = YES;
			};
			name = Release;
		};
		03D2F6F12C4E484300439FE7 /* Debug */ = {
			isa = XCBuildConfiguration;
			buildSettings = {
				ALWAYS_EMBED_SWIFT_STANDARD_LIBRARIES = YES;
				ASSETCATALOG_COMPILER_APPICON_NAME = AppIcon;
				ASSETCATALOG_COMPILER_GLOBAL_ACCENT_COLOR_NAME = AccentColor;
				CODE_SIGN_ENTITLEMENTS = CollectionsHub/CollectionsHub.entitlements;
				CODE_SIGN_STYLE = Automatic;
				CURRENT_PROJECT_VERSION = 1;
				DEVELOPMENT_ASSET_PATHS = "\"CollectionsHub/Preview Content\"";
				DEVELOPMENT_TEAM = L2S9UX6569;
				ENABLE_PREVIEWS = YES;
				GENERATE_INFOPLIST_FILE = YES;
				INFOPLIST_KEY_UIApplicationSceneManifest_Generation = YES;
				INFOPLIST_KEY_UIApplicationSupportsIndirectInputEvents = YES;
				INFOPLIST_KEY_UILaunchScreen_Generation = YES;
				INFOPLIST_KEY_UISupportedInterfaceOrientations_iPad = "UIInterfaceOrientationPortrait UIInterfaceOrientationPortraitUpsideDown UIInterfaceOrientationLandscapeLeft UIInterfaceOrientationLandscapeRight";
				INFOPLIST_KEY_UISupportedInterfaceOrientations_iPhone = "UIInterfaceOrientationPortrait UIInterfaceOrientationLandscapeLeft UIInterfaceOrientationLandscapeRight";
				IPHONEOS_DEPLOYMENT_TARGET = 17.1;
				LD_RUNPATH_SEARCH_PATHS = (
					"$(inherited)",
					"@executable_path/Frameworks",
				);
				MARKETING_VERSION = 1.0;
				PRODUCT_BUNDLE_IDENTIFIER = my.CollectionsHub;
				PRODUCT_NAME = "$(TARGET_NAME)";
				SWIFT_EMIT_LOC_STRINGS = YES;
				SWIFT_VERSION = 5.0;
				TARGETED_DEVICE_FAMILY = "1,2";
			};
			name = Debug;
		};
		03D2F6F22C4E484300439FE7 /* Release */ = {
			isa = XCBuildConfiguration;
			buildSettings = {
				ALWAYS_EMBED_SWIFT_STANDARD_LIBRARIES = YES;
				ASSETCATALOG_COMPILER_APPICON_NAME = AppIcon;
				ASSETCATALOG_COMPILER_GLOBAL_ACCENT_COLOR_NAME = AccentColor;
				CODE_SIGN_ENTITLEMENTS = CollectionsHub/CollectionsHub.entitlements;
				CODE_SIGN_STYLE = Automatic;
				CURRENT_PROJECT_VERSION = 1;
				DEVELOPMENT_ASSET_PATHS = "\"CollectionsHub/Preview Content\"";
				DEVELOPMENT_TEAM = L2S9UX6569;
				ENABLE_PREVIEWS = YES;
				GENERATE_INFOPLIST_FILE = YES;
				INFOPLIST_KEY_UIApplicationSceneManifest_Generation = YES;
				INFOPLIST_KEY_UIApplicationSupportsIndirectInputEvents = YES;
				INFOPLIST_KEY_UILaunchScreen_Generation = YES;
				INFOPLIST_KEY_UISupportedInterfaceOrientations_iPad = "UIInterfaceOrientationPortrait UIInterfaceOrientationPortraitUpsideDown UIInterfaceOrientationLandscapeLeft UIInterfaceOrientationLandscapeRight";
				INFOPLIST_KEY_UISupportedInterfaceOrientations_iPhone = "UIInterfaceOrientationPortrait UIInterfaceOrientationLandscapeLeft UIInterfaceOrientationLandscapeRight";
				IPHONEOS_DEPLOYMENT_TARGET = 17.1;
				LD_RUNPATH_SEARCH_PATHS = (
					"$(inherited)",
					"@executable_path/Frameworks",
				);
				MARKETING_VERSION = 1.0;
				PRODUCT_BUNDLE_IDENTIFIER = my.CollectionsHub;
				PRODUCT_NAME = "$(TARGET_NAME)";
				SWIFT_EMIT_LOC_STRINGS = YES;
				SWIFT_VERSION = 5.0;
				TARGETED_DEVICE_FAMILY = "1,2";
			};
			name = Release;
		};
		03D2F6F42C4E484300439FE7 /* Debug */ = {
			isa = XCBuildConfiguration;
			buildSettings = {
				ALWAYS_EMBED_SWIFT_STANDARD_LIBRARIES = YES;
				BUNDLE_LOADER = "$(TEST_HOST)";
				CODE_SIGN_STYLE = Automatic;
				CURRENT_PROJECT_VERSION = 1;
				GENERATE_INFOPLIST_FILE = YES;
				IPHONEOS_DEPLOYMENT_TARGET = 17.5;
				MARKETING_VERSION = 1.0;
				PRODUCT_BUNDLE_IDENTIFIER = my.CollectionsHubTests;
				PRODUCT_NAME = "$(TARGET_NAME)";
				SWIFT_EMIT_LOC_STRINGS = NO;
				SWIFT_VERSION = 5.0;
				TARGETED_DEVICE_FAMILY = "1,2";
				TEST_HOST = "$(BUILT_PRODUCTS_DIR)/CollectionsHub.app/$(BUNDLE_EXECUTABLE_FOLDER_PATH)/CollectionsHub";
			};
			name = Debug;
		};
		03D2F6F52C4E484300439FE7 /* Release */ = {
			isa = XCBuildConfiguration;
			buildSettings = {
				ALWAYS_EMBED_SWIFT_STANDARD_LIBRARIES = YES;
				BUNDLE_LOADER = "$(TEST_HOST)";
				CODE_SIGN_STYLE = Automatic;
				CURRENT_PROJECT_VERSION = 1;
				GENERATE_INFOPLIST_FILE = YES;
				IPHONEOS_DEPLOYMENT_TARGET = 17.5;
				MARKETING_VERSION = 1.0;
				PRODUCT_BUNDLE_IDENTIFIER = my.CollectionsHubTests;
				PRODUCT_NAME = "$(TARGET_NAME)";
				SWIFT_EMIT_LOC_STRINGS = NO;
				SWIFT_VERSION = 5.0;
				TARGETED_DEVICE_FAMILY = "1,2";
				TEST_HOST = "$(BUILT_PRODUCTS_DIR)/CollectionsHub.app/$(BUNDLE_EXECUTABLE_FOLDER_PATH)/CollectionsHub";
			};
			name = Release;
		};
		03D2F6F72C4E484300439FE7 /* Debug */ = {
			isa = XCBuildConfiguration;
			buildSettings = {
				ALWAYS_EMBED_SWIFT_STANDARD_LIBRARIES = YES;
				CODE_SIGN_STYLE = Automatic;
				CURRENT_PROJECT_VERSION = 1;
				GENERATE_INFOPLIST_FILE = YES;
				MARKETING_VERSION = 1.0;
				PRODUCT_BUNDLE_IDENTIFIER = my.CollectionsHubUITests;
				PRODUCT_NAME = "$(TARGET_NAME)";
				SWIFT_EMIT_LOC_STRINGS = NO;
				SWIFT_VERSION = 5.0;
				TARGETED_DEVICE_FAMILY = "1,2";
				TEST_TARGET_NAME = CollectionsHub;
			};
			name = Debug;
		};
		03D2F6F82C4E484300439FE7 /* Release */ = {
			isa = XCBuildConfiguration;
			buildSettings = {
				ALWAYS_EMBED_SWIFT_STANDARD_LIBRARIES = YES;
				CODE_SIGN_STYLE = Automatic;
				CURRENT_PROJECT_VERSION = 1;
				GENERATE_INFOPLIST_FILE = YES;
				MARKETING_VERSION = 1.0;
				PRODUCT_BUNDLE_IDENTIFIER = my.CollectionsHubUITests;
				PRODUCT_NAME = "$(TARGET_NAME)";
				SWIFT_EMIT_LOC_STRINGS = NO;
				SWIFT_VERSION = 5.0;
				TARGETED_DEVICE_FAMILY = "1,2";
				TEST_TARGET_NAME = CollectionsHub;
			};
			name = Release;
		};
		03D2F7092C4E497400439FE7 /* Debug */ = {
			isa = XCBuildConfiguration;
			buildSettings = {
				CODE_SIGN_ENTITLEMENTS = Share/Share.entitlements;
				CODE_SIGN_STYLE = Automatic;
				CURRENT_PROJECT_VERSION = 1;
				DEVELOPMENT_TEAM = L2S9UX6569;
				GENERATE_INFOPLIST_FILE = YES;
				INFOPLIST_FILE = Share/Info.plist;
				INFOPLIST_KEY_CFBundleDisplayName = Share;
				INFOPLIST_KEY_NSHumanReadableCopyright = "";
				IPHONEOS_DEPLOYMENT_TARGET = 17.1;
				LD_RUNPATH_SEARCH_PATHS = (
					"$(inherited)",
					"@executable_path/Frameworks",
					"@executable_path/../../Frameworks",
				);
				MARKETING_VERSION = 1.0;
				PRODUCT_BUNDLE_IDENTIFIER = my.CollectionsHub.Share;
				PRODUCT_NAME = "$(TARGET_NAME)";
				SKIP_INSTALL = YES;
				SWIFT_EMIT_LOC_STRINGS = YES;
				SWIFT_VERSION = 5.0;
				TARGETED_DEVICE_FAMILY = "1,2";
			};
			name = Debug;
		};
		03D2F70A2C4E497400439FE7 /* Release */ = {
			isa = XCBuildConfiguration;
			buildSettings = {
				CODE_SIGN_ENTITLEMENTS = Share/Share.entitlements;
				CODE_SIGN_STYLE = Automatic;
				CURRENT_PROJECT_VERSION = 1;
				DEVELOPMENT_TEAM = L2S9UX6569;
				GENERATE_INFOPLIST_FILE = YES;
				INFOPLIST_FILE = Share/Info.plist;
				INFOPLIST_KEY_CFBundleDisplayName = Share;
				INFOPLIST_KEY_NSHumanReadableCopyright = "";
				IPHONEOS_DEPLOYMENT_TARGET = 17.1;
				LD_RUNPATH_SEARCH_PATHS = (
					"$(inherited)",
					"@executable_path/Frameworks",
					"@executable_path/../../Frameworks",
				);
				MARKETING_VERSION = 1.0;
				PRODUCT_BUNDLE_IDENTIFIER = my.CollectionsHub.Share;
				PRODUCT_NAME = "$(TARGET_NAME)";
				SKIP_INSTALL = YES;
				SWIFT_EMIT_LOC_STRINGS = YES;
				SWIFT_VERSION = 5.0;
				TARGETED_DEVICE_FAMILY = "1,2";
			};
			name = Release;
		};
/* End XCBuildConfiguration section */

/* Begin XCConfigurationList section */
		03D2F6C72C4E484100439FE7 /* Build configuration list for PBXProject "CollectionsHub" */ = {
			isa = XCConfigurationList;
			buildConfigurations = (
				03D2F6EE2C4E484300439FE7 /* Debug */,
				03D2F6EF2C4E484300439FE7 /* Release */,
			);
			defaultConfigurationIsVisible = 0;
			defaultConfigurationName = Release;
		};
		03D2F6F02C4E484300439FE7 /* Build configuration list for PBXNativeTarget "CollectionsHub" */ = {
			isa = XCConfigurationList;
			buildConfigurations = (
				03D2F6F12C4E484300439FE7 /* Debug */,
				03D2F6F22C4E484300439FE7 /* Release */,
			);
			defaultConfigurationIsVisible = 0;
			defaultConfigurationName = Release;
		};
		03D2F6F32C4E484300439FE7 /* Build configuration list for PBXNativeTarget "CollectionsHubTests" */ = {
			isa = XCConfigurationList;
			buildConfigurations = (
				03D2F6F42C4E484300439FE7 /* Debug */,
				03D2F6F52C4E484300439FE7 /* Release */,
			);
			defaultConfigurationIsVisible = 0;
			defaultConfigurationName = Release;
		};
		03D2F6F62C4E484300439FE7 /* Build configuration list for PBXNativeTarget "CollectionsHubUITests" */ = {
			isa = XCConfigurationList;
			buildConfigurations = (
				03D2F6F72C4E484300439FE7 /* Debug */,
				03D2F6F82C4E484300439FE7 /* Release */,
			);
			defaultConfigurationIsVisible = 0;
			defaultConfigurationName = Release;
		};
		03D2F7082C4E497400439FE7 /* Build configuration list for PBXNativeTarget "Share" */ = {
			isa = XCConfigurationList;
			buildConfigurations = (
				03D2F7092C4E497400439FE7 /* Debug */,
				03D2F70A2C4E497400439FE7 /* Release */,
			);
			defaultConfigurationIsVisible = 0;
			defaultConfigurationName = Release;
		};
/* End XCConfigurationList section */

/* Begin XCRemoteSwiftPackageReference section */
		038437C12C57D62B002F386F /* XCRemoteSwiftPackageReference "supabase-swift" */ = {
			isa = XCRemoteSwiftPackageReference;
			repositoryURL = "https://github.com/supabase/supabase-swift.git";
			requirement = {
				kind = upToNextMajorVersion;
				minimumVersion = 2.5.1;
			};
		};
/* End XCRemoteSwiftPackageReference section */

/* Begin XCSwiftPackageProductDependency section */
		036B3EE32C57CEF100207C3A /* Auth */ = {
			isa = XCSwiftPackageProductDependency;
			productName = Auth;
		};
		036B3EE52C57CEF100207C3A /* Functions */ = {
			isa = XCSwiftPackageProductDependency;
			productName = Functions;
		};
		036B3EE72C57CEF100207C3A /* PostgREST */ = {
			isa = XCSwiftPackageProductDependency;
			productName = PostgREST;
		};
		036B3EE92C57CEF100207C3A /* Realtime */ = {
			isa = XCSwiftPackageProductDependency;
			productName = Realtime;
		};
		036B3EEB2C57CEF100207C3A /* Storage */ = {
			isa = XCSwiftPackageProductDependency;
			productName = Storage;
		};
		038437C22C57D62C002F386F /* Auth */ = {
			isa = XCSwiftPackageProductDependency;
			package = 038437C12C57D62B002F386F /* XCRemoteSwiftPackageReference "supabase-swift" */;
			productName = Auth;
		};
		038437C42C57D62C002F386F /* Functions */ = {
			isa = XCSwiftPackageProductDependency;
			package = 038437C12C57D62B002F386F /* XCRemoteSwiftPackageReference "supabase-swift" */;
			productName = Functions;
		};
		038437C62C57D62C002F386F /* PostgREST */ = {
			isa = XCSwiftPackageProductDependency;
			package = 038437C12C57D62B002F386F /* XCRemoteSwiftPackageReference "supabase-swift" */;
			productName = PostgREST;
		};
		038437C82C57D62C002F386F /* Realtime */ = {
			isa = XCSwiftPackageProductDependency;
			package = 038437C12C57D62B002F386F /* XCRemoteSwiftPackageReference "supabase-swift" */;
			productName = Realtime;
		};
		038437CA2C57D62C002F386F /* Storage */ = {
			isa = XCSwiftPackageProductDependency;
			package = 038437C12C57D62B002F386F /* XCRemoteSwiftPackageReference "supabase-swift" */;
			productName = Storage;
		};
		038437CD2C57D66B002F386F /* Supabase */ = {
			isa = XCSwiftPackageProductDependency;
			package = 038437C12C57D62B002F386F /* XCRemoteSwiftPackageReference "supabase-swift" */;
			productName = Supabase;
		};
		038437CF2C57D674002F386F /* Supabase */ = {
			isa = XCSwiftPackageProductDependency;
			package = 038437C12C57D62B002F386F /* XCRemoteSwiftPackageReference "supabase-swift" */;
			productName = Supabase;
		};
/* End XCSwiftPackageProductDependency section */
	};
	rootObject = 03D2F6C42C4E484100439FE7 /* Project object */;
}
